{
  "object": {
    "pins": [
      {
        "package": "BigInt",
        "repositoryURL": "https://github.com/attaswift/BigInt.git",
        "state": {
          "branch": null,
          "revision": "0ed110f7555c34ff468e72e1686e59721f2b0da6",
          "version": "5.3.0"
        }
      },
      {
        "package": "ColorizeSwift",
        "repositoryURL": "https://github.com/mtynior/ColorizeSwift.git",
        "state": {
          "branch": null,
          "revision": "2a354639173d021f4648cf1912b2b00a3a7cd83c",
          "version": "1.6.0"
        }
      },
      {
        "package": "Curry",
        "repositoryURL": "https://github.com/thoughtbot/Curry.git",
        "state": {
          "branch": null,
          "revision": "4331dd50bc1db007db664a23f32e6f3df93d4e1a",
          "version": "4.0.2"
        }
      },
      {
        "package": "Flow",
        "repositoryURL": "https://github.com/outblock/flow-swift.git",
        "state": {
          "branch": null,
          "revision": "64cbac7b47065de3a80dade7520d35c74ccb1102",
          "version": "0.1.5"
        }
      },
      {
        "package": "grpc-swift",
        "repositoryURL": "https://github.com/grpc/grpc-swift.git",
        "state": {
          "branch": null,
          "revision": "593fe0fe931f7e838969243cd137be48e8055b1d",
          "version": "1.7.3"
        }
      },
      {
        "package": "swift-log",
        "repositoryURL": "https://github.com/apple/swift-log.git",
        "state": {
          "branch": null,
          "revision": "5d66f7ba25daf4f94100e7022febf3c75e37a6c7",
          "version": "1.4.2"
        }
      },
      {
        "package": "swift-nio",
        "repositoryURL": "https://github.com/apple/swift-nio.git",
        "state": {
          "branch": null,
          "revision": "124119f0bb12384cef35aa041d7c3a686108722d",
          "version": "2.40.0"
        }
      },
      {
        "package": "swift-nio-extras",
        "repositoryURL": "https://github.com/apple/swift-nio-extras.git",
        "state": {
          "branch": null,
          "revision": "8eea84ec6144167354387ef9244b0939f5852dc8",
          "version": "1.11.0"
        }
      },
      {
        "package": "swift-nio-http2",
        "repositoryURL": "https://github.com/apple/swift-nio-http2.git",
        "state": {
          "branch": null,
          "revision": "72bcaf607b40d7c51044f65b0f5ed8581a911832",
          "version": "1.21.0"
        }
      },
      {
        "package": "swift-nio-ssl",
        "repositoryURL": "https://github.com/apple/swift-nio-ssl.git",
        "state": {
          "branch": null,
          "revision": "1750873bce84b4129b5303655cce2c3d35b9ed3a",
          "version": "2.19.0"
        }
      },
      {
        "package": "swift-nio-transport-services",
        "repositoryURL": "https://github.com/apple/swift-nio-transport-services.git",
        "state": {
          "branch": null,
          "revision": "1a4692acb88156e3da1b0c6732a8a38b2a744166",
          "version": "1.12.0"
        }
      },
      {
        "package": "SwiftProtobuf",
        "repositoryURL": "https://github.com/apple/swift-protobuf.git",
        "state": {
          "branch": null,
          "revision": "e1499bc69b9040b29184f7f2996f7bab467c1639",
          "version": "1.19.0"
        }
      },
      {
        "package": "SwiftParamTest",
        "repositoryURL": "https://github.com/YusukeHosonuma/SwiftParamTest.git",
        "state": {
          "branch": null,
          "revision": "218fbf3541671a9341491dd67c9b4ab3f23e16a2",
          "version": "2.2.0"
        }
      },
      {
        "package": "SwiftPrettyPrint",
        "repositoryURL": "https://github.com/lmcmz/SwiftPrettyPrint",
        "state": {
          "branch": null,
          "revision": "0ca79c7944f41b17b4e5823d0edea8658cc879e8",
          "version": null
        }
      }
    ]
  },
  "version": 1
}
